
Microsoft Visual Studio Solution File, Format Version 12.00
# Visual Studio 15
VisualStudioVersion = 15.0.27428.2005
MinimumVisualStudioVersion = 10.0.40219.1
Project("{2150E333-8FDC-42A3-9474-1A3956D46DE8}") = "COM", "COM", "{10008BA3-DF80-46EB-8EFF-62111BF7DFB7}"
EndProject
Project("{2150E333-8FDC-42A3-9474-1A3956D46DE8}") = "Plugins", "Plugins", "{76E18BDC-8BA1-4D4C-98BD-6CC5361BCCC8}"
EndProject
Project("{2150E333-8FDC-42A3-9474-1A3956D46DE8}") = "MessageSenderReceiver", "MessageSenderReceiver", "{E764E7FA-4713-478B-8CE4-5878A613A9D3}"
EndProject
Project("{2150E333-8FDC-42A3-9474-1A3956D46DE8}") = "Plugins and Automation", "Plugins and Automation", "{269F6F49-5E02-491B-954A-7086619E7879}"
EndProject
Project("{2150E333-8FDC-42A3-9474-1A3956D46DE8}") = "Controls", "Controls", "{2B27AFDD-1FBE-468A-814C-A44B07038F0E}"
EndProject
Project("{2150E333-8FDC-42A3-9474-1A3956D46DE8}") = "Tools", "Tools", "{3300E928-13F9-4088-88C3-EBBE12347384}"
EndProject
Project("{2150E333-8FDC-42A3-9474-1A3956D46DE8}") = "CodeRun", "CodeRun", "{7AD34DDF-1D8B-4644-970C-13B03132BDF2}"
EndProject
Project("{2150E333-8FDC-42A3-9474-1A3956D46DE8}") = "CodeCompilers", "CodeCompilers", "{0EC2DA80-928D-4EAC-B18D-A6686DE502B1}"
EndProject
Project("{2150E333-8FDC-42A3-9474-1A3956D46DE8}") = "Viewers", "Viewers", "{9414C8C4-FA50-4FFC-9766-83025A61A1D6}"
EndProject
Project("{2150E333-8FDC-42A3-9474-1A3956D46DE8}") = "Basic Examples", "Basic Examples", "{95148537-B26C-4C21-87D7-C617686D99CC}"
EndProject
Project("{2150E333-8FDC-42A3-9474-1A3956D46DE8}") = "Console Applications", "Console Applications", "{56962414-E345-452A-9622-16B538B60C7E}"
EndProject
Project("{2150E333-8FDC-42A3-9474-1A3956D46DE8}") = "CSharp", "CSharp", "{99439192-2AF1-42D3-B3EF-7BB53413D8B6}"
EndProject
Project("{2150E333-8FDC-42A3-9474-1A3956D46DE8}") = "VB.NET", "VB.NET", "{BAC1748F-254F-4B53-8768-59CBD3285240}"
EndProject
Project("{2150E333-8FDC-42A3-9474-1A3956D46DE8}") = "WPF", "WPF", "{3D40928D-3A2F-4C93-AADD-92F5E0F64445}"
EndProject
Project("{2150E333-8FDC-42A3-9474-1A3956D46DE8}") = "managed C++", "managed C++", "{C213B42D-92F9-4CB0-BC12-D2389F7EBE20}"
EndProject
Project("{FAE04EC0-301F-11D3-BF4B-00C04F79EFBC}") = "FileManipulation", "Basic Examples\CSharp\FileManipulation\FileManipulation.csproj", "{27F86700-A36C-422E-A20B-DAD80728BC14}"
EndProject
Project("{FAE04EC0-301F-11D3-BF4B-00C04F79EFBC}") = "MessageSender", "Automation\MessageSenderReceiver\MessageSender.csproj", "{D09E9870-9F2E-473E-A4BC-F8E57F73DBFA}"
	ProjectSection(ProjectDependencies) = postProject
		{3F986221-2167-4BFC-8256-88C0570DCA18} = {3F986221-2167-4BFC-8256-88C0570DCA18}
	EndProjectSection
EndProject
Project("{FAE04EC0-301F-11D3-BF4B-00C04F79EFBC}") = "MessageReceiverPlugIn", "Automation\MessageSenderReceiver\Receiver\MessageReceiverPlugIn.csproj", "{3F986221-2167-4BFC-8256-88C0570DCA18}"
EndProject
Project("{FAE04EC0-301F-11D3-BF4B-00C04F79EFBC}") = "BasicPlugIn", "Basic Examples\CSharp\BasicPlugIn\BasicPlugIn.csproj", "{E6A1343E-168F-40BF-9AA5-180B9E00C211}"
EndProject
Project("{FAE04EC0-301F-11D3-BF4B-00C04F79EFBC}") = "AppInfo", "Tools\AppInfo\AppInfo.csproj", "{69EEAB78-9453-4291-BDBD-E4DDA8214462}"
EndProject
Project("{FAE04EC0-301F-11D3-BF4B-00C04F79EFBC}") = "Viewer", "Basic Examples\CSharp\Viewer\Viewer.csproj", "{611F031A-4972-45B7-951A-059751630F41}"
EndProject
Project("{FAE04EC0-301F-11D3-BF4B-00C04F79EFBC}") = "APICallsCOMPlugin", "Basic Examples\CSharp\APICallsCOMPlugin\APICallsCOMPlugin.csproj", "{C334EC0D-3A84-463D-A9F0-0EC61A27DD65}"
EndProject
Project("{FAE04EC0-301F-11D3-BF4B-00C04F79EFBC}") = "ControlsAndCOM", "Basic Examples\CSharp\ControlsAndCOM\ControlsAndCOM.csproj", "{11042D71-6BE3-4ABF-810E-30953E23F418}"
EndProject
Project("{FAE04EC0-301F-11D3-BF4B-00C04F79EFBC}") = "MDIViewer", "Controls\Viewers\MDIViewer\MDIViewer.csproj", "{B60299DF-3EE4-4D57-810F-40F3CBCBB2FD}"
EndProject
Project("{FAE04EC0-301F-11D3-BF4B-00C04F79EFBC}") = "CodeRun", "Tools\CodeRun\CodeRun.csproj", "{7CA30A74-C26E-4C99-8C2C-B18052E54EA6}"
EndProject
Project("{FAE04EC0-301F-11D3-BF4B-00C04F79EFBC}") = "CodeRunLib", "Tools\CodeRun\CodeRunLib\CodeRunLib.csproj", "{B0F9916E-9752-4583-B0C3-C8BA3D637891}"
	ProjectSection(ProjectDependencies) = postProject
		{7CA30A74-C26E-4C99-8C2C-B18052E54EA6} = {7CA30A74-C26E-4C99-8C2C-B18052E54EA6}
	EndProjectSection
EndProject
Project("{FAE04EC0-301F-11D3-BF4B-00C04F79EFBC}") = "PublishFile", "Controls\PublishFile\PublishFile.csproj", "{8BD81C26-07D9-4045-A930-716AFC2BE17C}"
EndProject
Project("{FAE04EC0-301F-11D3-BF4B-00C04F79EFBC}") = "SearchComparisonPlugIn", "PlugIns\SearchComparisonPlugIn\SearchComparisonPlugIn.csproj", "{DFE2EAE3-2AAD-42D2-A1E1-3DFEA4081C51}"
EndProject
Project("{FAE04EC0-301F-11D3-BF4B-00C04F79EFBC}") = "SDIViewer", "Controls\Viewers\SDIViewer\SDIViewer.csproj", "{1BBA2E32-CC03-4736-A1EC-66CE08448CDE}"
EndProject
Project("{FAE04EC0-301F-11D3-BF4B-00C04F79EFBC}") = "Examiner", "PlugIns\Examiner\Examiner.csproj", "{E49D42BA-07C2-4046-BD87-3390AF5E12B2}"
EndProject
Project("{FAE04EC0-301F-11D3-BF4B-00C04F79EFBC}") = "CallExaminer", "Automation\CallExaminer\CallExaminer.csproj", "{3A0B08C1-7F8C-4ABB-A585-05BFDCE25F41}"
	ProjectSection(ProjectDependencies) = postProject
		{E49D42BA-07C2-4046-BD87-3390AF5E12B2} = {E49D42BA-07C2-4046-BD87-3390AF5E12B2}
	EndProjectSection
EndProject
Project("{FAE04EC0-301F-11D3-BF4B-00C04F79EFBC}") = "BasicDockPanePlugin", "Basic Examples\CSharp\BasicDockPanePlugin\BasicDockPanePlugin.csproj", "{5C148D58-1FB3-4351-BA3F-81C3863B6388}"
EndProject
Project("{F184B08F-C81C-45F6-A57F-5ABD9991F28F}") = "BasicPlugin", "Basic Examples\vb.net\BasicPlugin\BasicPlugin.vbproj", "{9ADDAB4B-AB3C-48B0-9B5A-4A924908E4DC}"
EndProject
Project("{F184B08F-C81C-45F6-A57F-5ABD9991F28F}") = "ControlsAndCom", "Basic Examples\vb.net\ControlsAndCom\ControlsAndCom.vbproj", "{0F9C9112-3CFA-4C47-B656-DD84734C30DF}"
EndProject
Project("{F184B08F-C81C-45F6-A57F-5ABD9991F28F}") = "FileManipulation", "Basic Examples\vb.net\FileManipulation\FileManipulation.vbproj", "{E2E578FB-848A-4106-AFF5-7ABBE9286DFB}"
EndProject
Project("{F184B08F-C81C-45F6-A57F-5ABD9991F28F}") = "Viewer", "Basic Examples\vb.net\Viewer\Viewer.vbproj", "{522A7909-EE17-4831-A565-16E6491BA379}"
EndProject
Project("{FAE04EC0-301F-11D3-BF4B-00C04F79EFBC}") = "WpfDockPane", "Basic Examples\CSharp\WPF\WpfDockPane\WpfDockPane.csproj", "{665AC797-1410-46CC-8156-466B73209391}"
EndProject
Project("{FAE04EC0-301F-11D3-BF4B-00C04F79EFBC}") = "WPFViewer", "Basic Examples\CSharp\WPF\WPFViewer\WPFViewer.csproj", "{9F089F75-9BC2-4114-9A5C-CE37A9616901}"
EndProject
Project("{FAE04EC0-301F-11D3-BF4B-00C04F79EFBC}") = "DatabaseDockPane", "Basic Examples\CSharp\WPF\DatabaseDockPane\DatabaseDockPane.csproj", "{53DA8718-368C-4DB3-8AE9-BF9597482DB7}"
EndProject
Project("{FAE04EC0-301F-11D3-BF4B-00C04F79EFBC}") = "MessageServer", "Automation\MessageClientServer\MessageServer\MessageServer.csproj", "{5FEBBC4E-39C2-4749-8B1A-D57D632B0C94}"
EndProject
Project("{2150E333-8FDC-42A3-9474-1A3956D46DE8}") = "MessageClientServer", "MessageClientServer", "{51A4E29E-96CD-4B9D-AA95-B42B4882EAA4}"
EndProject
Project("{FAE04EC0-301F-11D3-BF4B-00C04F79EFBC}") = "MessageClientPlugin", "Automation\MessageClientServer\MessageClientPlugin\MessageClientPlugin.csproj", "{ECD5818F-5EC6-47A3-9817-0BE30A9CF42C}"
EndProject
Project("{FAE04EC0-301F-11D3-BF4B-00C04F79EFBC}") = "MessageClientServerInterface", "Automation\MessageClientServer\MessageClientServerInterface\MessageClientServerInterface.csproj", "{E7A1824F-5D56-4BDF-81F9-6D7E592FAE42}"
EndProject
Project("{FAE04EC0-301F-11D3-BF4B-00C04F79EFBC}") = "CustomRibbon", "Basic Examples\CSharp\CustomRibbon\CustomRibbon.csproj", "{DFE4D093-5359-45B7-9BA7-6C99F9424B63}"
EndProject
Project("{FAE04EC0-301F-11D3-BF4B-00C04F79EFBC}") = "ClashDetective", "PlugIns\ClashDetective\ClashDetective.csproj", "{91E8B45E-3D4B-422B-9CC0-96E062D029C8}"
EndProject
Project("{FAE04EC0-301F-11D3-BF4B-00C04F79EFBC}") = "Timeliner", "PlugIns\Timeliner\Timeliner.csproj", "{B0F0F35E-13FE-4D15-B46F-3F4A60153717}"
EndProject
Project("{FAE04EC0-301F-11D3-BF4B-00C04F79EFBC}") = "InputAndRenderHandling", "Plugins\InputAndRenderHandling\InputAndRenderHandling.csproj", "{05DB3292-F456-4A03-8516-83EEC60155EE}"
EndProject
Project("{8BC9CEB8-8B4A-11D0-8D11-00A0C91BC942}") = "MCDockPanePlugin", "Basic Examples\managedC++\MCDockPanePlugin\MCDockPanePlugin.vcxproj", "{E2DD3141-FA26-4639-8562-A4B0153C5E56}"
EndProject
Project("{FAE04EC0-301F-11D3-BF4B-00C04F79EFBC}") = "Takeoff", "PlugIns\Takeoff\Takeoff.csproj", "{87F2BE3B-E92E-4D2D-A018-7C5C8044F88D}"
EndProject
Project("{F184B08F-C81C-45F6-A57F-5ABD9991F28F}") = "NavisTester", "NavisTester\NavisTester.vbproj", "{BBD6ADC8-86F8-4A7F-9F98-652D0755F4B5}"
EndProject
Global
	GlobalSection(SolutionConfigurationPlatforms) = preSolution
		Debug|Any CPU = Debug|Any CPU
		Debug|x64 = Debug|x64
		Release|Any CPU = Release|Any CPU
		Release|x64 = Release|x64
	EndGlobalSection
	GlobalSection(ProjectConfigurationPlatforms) = postSolution
		{27F86700-A36C-422E-A20B-DAD80728BC14}.Debug|Any CPU.ActiveCfg = Debug|Any CPU
		{27F86700-A36C-422E-A20B-DAD80728BC14}.Debug|Any CPU.Build.0 = Debug|Any CPU
		{27F86700-A36C-422E-A20B-DAD80728BC14}.Debug|x64.ActiveCfg = Debug|Any CPU
		{27F86700-A36C-422E-A20B-DAD80728BC14}.Debug|x64.Build.0 = Debug|Any CPU
		{27F86700-A36C-422E-A20B-DAD80728BC14}.Release|Any CPU.ActiveCfg = Release|Any CPU
		{27F86700-A36C-422E-A20B-DAD80728BC14}.Release|Any CPU.Build.0 = Release|Any CPU
		{27F86700-A36C-422E-A20B-DAD80728BC14}.Release|x64.ActiveCfg = Release|Any CPU
		{27F86700-A36C-422E-A20B-DAD80728BC14}.Release|x64.Build.0 = Release|Any CPU
		{D09E9870-9F2E-473E-A4BC-F8E57F73DBFA}.Debug|Any CPU.ActiveCfg = Debug|Any CPU
		{D09E9870-9F2E-473E-A4BC-F8E57F73DBFA}.Debug|Any CPU.Build.0 = Debug|Any CPU
		{D09E9870-9F2E-473E-A4BC-F8E57F73DBFA}.Debug|x64.ActiveCfg = Debug|Any CPU
		{D09E9870-9F2E-473E-A4BC-F8E57F73DBFA}.Debug|x64.Build.0 = Debug|Any CPU
		{D09E9870-9F2E-473E-A4BC-F8E57F73DBFA}.Release|Any CPU.ActiveCfg = Release|Any CPU
		{D09E9870-9F2E-473E-A4BC-F8E57F73DBFA}.Release|Any CPU.Build.0 = Release|Any CPU
		{D09E9870-9F2E-473E-A4BC-F8E57F73DBFA}.Release|x64.ActiveCfg = Release|Any CPU
		{D09E9870-9F2E-473E-A4BC-F8E57F73DBFA}.Release|x64.Build.0 = Release|Any CPU
		{3F986221-2167-4BFC-8256-88C0570DCA18}.Debug|Any CPU.ActiveCfg = Debug|Any CPU
		{3F986221-2167-4BFC-8256-88C0570DCA18}.Debug|Any CPU.Build.0 = Debug|Any CPU
		{3F986221-2167-4BFC-8256-88C0570DCA18}.Debug|x64.ActiveCfg = Debug|Any CPU
		{3F986221-2167-4BFC-8256-88C0570DCA18}.Debug|x64.Build.0 = Debug|Any CPU
		{3F986221-2167-4BFC-8256-88C0570DCA18}.Release|Any CPU.ActiveCfg = Release|Any CPU
		{3F986221-2167-4BFC-8256-88C0570DCA18}.Release|Any CPU.Build.0 = Release|Any CPU
		{3F986221-2167-4BFC-8256-88C0570DCA18}.Release|x64.ActiveCfg = Release|Any CPU
		{3F986221-2167-4BFC-8256-88C0570DCA18}.Release|x64.Build.0 = Release|Any CPU
		{E6A1343E-168F-40BF-9AA5-180B9E00C211}.Debug|Any CPU.ActiveCfg = Debug|Any CPU
		{E6A1343E-168F-40BF-9AA5-180B9E00C211}.Debug|Any CPU.Build.0 = Debug|Any CPU
		{E6A1343E-168F-40BF-9AA5-180B9E00C211}.Debug|x64.ActiveCfg = Debug|Any CPU
		{E6A1343E-168F-40BF-9AA5-180B9E00C211}.Debug|x64.Build.0 = Debug|Any CPU
		{E6A1343E-168F-40BF-9AA5-180B9E00C211}.Release|Any CPU.ActiveCfg = Release|Any CPU
		{E6A1343E-168F-40BF-9AA5-180B9E00C211}.Release|Any CPU.Build.0 = Release|Any CPU
		{E6A1343E-168F-40BF-9AA5-180B9E00C211}.Release|x64.ActiveCfg = Release|Any CPU
		{E6A1343E-168F-40BF-9AA5-180B9E00C211}.Release|x64.Build.0 = Release|Any CPU
		{69EEAB78-9453-4291-BDBD-E4DDA8214462}.Debug|Any CPU.ActiveCfg = Debug|Any CPU
		{69EEAB78-9453-4291-BDBD-E4DDA8214462}.Debug|Any CPU.Build.0 = Debug|Any CPU
		{69EEAB78-9453-4291-BDBD-E4DDA8214462}.Debug|x64.ActiveCfg = Debug|Any CPU
		{69EEAB78-9453-4291-BDBD-E4DDA8214462}.Debug|x64.Build.0 = Debug|Any CPU
		{69EEAB78-9453-4291-BDBD-E4DDA8214462}.Release|Any CPU.ActiveCfg = Release|Any CPU
		{69EEAB78-9453-4291-BDBD-E4DDA8214462}.Release|Any CPU.Build.0 = Release|Any CPU
		{69EEAB78-9453-4291-BDBD-E4DDA8214462}.Release|x64.ActiveCfg = Release|Any CPU
		{69EEAB78-9453-4291-BDBD-E4DDA8214462}.Release|x64.Build.0 = Release|Any CPU
		{611F031A-4972-45B7-951A-059751630F41}.Debug|Any CPU.ActiveCfg = Debug|Any CPU
		{611F031A-4972-45B7-951A-059751630F41}.Debug|Any CPU.Build.0 = Debug|Any CPU
		{611F031A-4972-45B7-951A-059751630F41}.Debug|x64.ActiveCfg = Debug|Any CPU
		{611F031A-4972-45B7-951A-059751630F41}.Debug|x64.Build.0 = Debug|Any CPU
		{611F031A-4972-45B7-951A-059751630F41}.Release|Any CPU.ActiveCfg = Release|Any CPU
		{611F031A-4972-45B7-951A-059751630F41}.Release|Any CPU.Build.0 = Release|Any CPU
		{611F031A-4972-45B7-951A-059751630F41}.Release|x64.ActiveCfg = Release|Any CPU
		{611F031A-4972-45B7-951A-059751630F41}.Release|x64.Build.0 = Release|Any CPU
		{C334EC0D-3A84-463D-A9F0-0EC61A27DD65}.Debug|Any CPU.ActiveCfg = Debug|Any CPU
		{C334EC0D-3A84-463D-A9F0-0EC61A27DD65}.Debug|Any CPU.Build.0 = Debug|Any CPU
		{C334EC0D-3A84-463D-A9F0-0EC61A27DD65}.Debug|x64.ActiveCfg = Debug|Any CPU
		{C334EC0D-3A84-463D-A9F0-0EC61A27DD65}.Debug|x64.Build.0 = Debug|Any CPU
		{C334EC0D-3A84-463D-A9F0-0EC61A27DD65}.Release|Any CPU.ActiveCfg = Release|Any CPU
		{C334EC0D-3A84-463D-A9F0-0EC61A27DD65}.Release|Any CPU.Build.0 = Release|Any CPU
		{C334EC0D-3A84-463D-A9F0-0EC61A27DD65}.Release|x64.ActiveCfg = Release|Any CPU
		{C334EC0D-3A84-463D-A9F0-0EC61A27DD65}.Release|x64.Build.0 = Release|Any CPU
		{11042D71-6BE3-4ABF-810E-30953E23F418}.Debug|Any CPU.ActiveCfg = Debug|Any CPU
		{11042D71-6BE3-4ABF-810E-30953E23F418}.Debug|Any CPU.Build.0 = Debug|Any CPU
		{11042D71-6BE3-4ABF-810E-30953E23F418}.Debug|x64.ActiveCfg = Debug|Any CPU
		{11042D71-6BE3-4ABF-810E-30953E23F418}.Debug|x64.Build.0 = Debug|Any CPU
		{11042D71-6BE3-4ABF-810E-30953E23F418}.Release|Any CPU.ActiveCfg = Release|Any CPU
		{11042D71-6BE3-4ABF-810E-30953E23F418}.Release|Any CPU.Build.0 = Release|Any CPU
		{11042D71-6BE3-4ABF-810E-30953E23F418}.Release|x64.ActiveCfg = Release|Any CPU
		{11042D71-6BE3-4ABF-810E-30953E23F418}.Release|x64.Build.0 = Release|Any CPU
		{B60299DF-3EE4-4D57-810F-40F3CBCBB2FD}.Debug|Any CPU.ActiveCfg = Debug|Any CPU
		{B60299DF-3EE4-4D57-810F-40F3CBCBB2FD}.Debug|Any CPU.Build.0 = Debug|Any CPU
		{B60299DF-3EE4-4D57-810F-40F3CBCBB2FD}.Debug|x64.ActiveCfg = Debug|Any CPU
		{B60299DF-3EE4-4D57-810F-40F3CBCBB2FD}.Debug|x64.Build.0 = Debug|Any CPU
		{B60299DF-3EE4-4D57-810F-40F3CBCBB2FD}.Release|Any CPU.ActiveCfg = Release|Any CPU
		{B60299DF-3EE4-4D57-810F-40F3CBCBB2FD}.Release|Any CPU.Build.0 = Release|Any CPU
		{B60299DF-3EE4-4D57-810F-40F3CBCBB2FD}.Release|x64.ActiveCfg = Release|Any CPU
		{B60299DF-3EE4-4D57-810F-40F3CBCBB2FD}.Release|x64.Build.0 = Release|Any CPU
		{7CA30A74-C26E-4C99-8C2C-B18052E54EA6}.Debug|Any CPU.ActiveCfg = Debug|Any CPU
		{7CA30A74-C26E-4C99-8C2C-B18052E54EA6}.Debug|Any CPU.Build.0 = Debug|Any CPU
		{7CA30A74-C26E-4C99-8C2C-B18052E54EA6}.Debug|x64.ActiveCfg = Debug|Any CPU
		{7CA30A74-C26E-4C99-8C2C-B18052E54EA6}.Debug|x64.Build.0 = Debug|Any CPU
		{7CA30A74-C26E-4C99-8C2C-B18052E54EA6}.Release|Any CPU.ActiveCfg = Release|Any CPU
		{7CA30A74-C26E-4C99-8C2C-B18052E54EA6}.Release|Any CPU.Build.0 = Release|Any CPU
		{7CA30A74-C26E-4C99-8C2C-B18052E54EA6}.Release|x64.ActiveCfg = Release|Any CPU
		{7CA30A74-C26E-4C99-8C2C-B18052E54EA6}.Release|x64.Build.0 = Release|Any CPU
		{B0F9916E-9752-4583-B0C3-C8BA3D637891}.Debug|Any CPU.ActiveCfg = Debug|Any CPU
		{B0F9916E-9752-4583-B0C3-C8BA3D637891}.Debug|Any CPU.Build.0 = Debug|Any CPU
		{B0F9916E-9752-4583-B0C3-C8BA3D637891}.Debug|x64.ActiveCfg = Debug|Any CPU
		{B0F9916E-9752-4583-B0C3-C8BA3D637891}.Debug|x64.Build.0 = Debug|Any CPU
		{B0F9916E-9752-4583-B0C3-C8BA3D637891}.Release|Any CPU.ActiveCfg = Release|Any CPU
		{B0F9916E-9752-4583-B0C3-C8BA3D637891}.Release|Any CPU.Build.0 = Release|Any CPU
		{B0F9916E-9752-4583-B0C3-C8BA3D637891}.Release|x64.ActiveCfg = Release|Any CPU
		{B0F9916E-9752-4583-B0C3-C8BA3D637891}.Release|x64.Build.0 = Release|Any CPU
		{8BD81C26-07D9-4045-A930-716AFC2BE17C}.Debug|Any CPU.ActiveCfg = Debug|Any CPU
		{8BD81C26-07D9-4045-A930-716AFC2BE17C}.Debug|Any CPU.Build.0 = Debug|Any CPU
		{8BD81C26-07D9-4045-A930-716AFC2BE17C}.Debug|x64.ActiveCfg = Debug|Any CPU
		{8BD81C26-07D9-4045-A930-716AFC2BE17C}.Debug|x64.Build.0 = Debug|Any CPU
		{8BD81C26-07D9-4045-A930-716AFC2BE17C}.Release|Any CPU.ActiveCfg = Release|Any CPU
		{8BD81C26-07D9-4045-A930-716AFC2BE17C}.Release|Any CPU.Build.0 = Release|Any CPU
		{8BD81C26-07D9-4045-A930-716AFC2BE17C}.Release|x64.ActiveCfg = Release|Any CPU
		{8BD81C26-07D9-4045-A930-716AFC2BE17C}.Release|x64.Build.0 = Release|Any CPU
		{DFE2EAE3-2AAD-42D2-A1E1-3DFEA4081C51}.Debug|Any CPU.ActiveCfg = Debug|Any CPU
		{DFE2EAE3-2AAD-42D2-A1E1-3DFEA4081C51}.Debug|Any CPU.Build.0 = Debug|Any CPU
		{DFE2EAE3-2AAD-42D2-A1E1-3DFEA4081C51}.Debug|x64.ActiveCfg = Debug|Any CPU
		{DFE2EAE3-2AAD-42D2-A1E1-3DFEA4081C51}.Debug|x64.Build.0 = Debug|Any CPU
		{DFE2EAE3-2AAD-42D2-A1E1-3DFEA4081C51}.Release|Any CPU.ActiveCfg = Release|Any CPU
		{DFE2EAE3-2AAD-42D2-A1E1-3DFEA4081C51}.Release|Any CPU.Build.0 = Release|Any CPU
		{DFE2EAE3-2AAD-42D2-A1E1-3DFEA4081C51}.Release|x64.ActiveCfg = Release|Any CPU
		{DFE2EAE3-2AAD-42D2-A1E1-3DFEA4081C51}.Release|x64.Build.0 = Release|Any CPU
		{1BBA2E32-CC03-4736-A1EC-66CE08448CDE}.Debug|Any CPU.ActiveCfg = Debug|Any CPU
		{1BBA2E32-CC03-4736-A1EC-66CE08448CDE}.Debug|Any CPU.Build.0 = Debug|Any CPU
		{1BBA2E32-CC03-4736-A1EC-66CE08448CDE}.Debug|x64.ActiveCfg = Debug|Any CPU
		{1BBA2E32-CC03-4736-A1EC-66CE08448CDE}.Debug|x64.Build.0 = Debug|Any CPU
		{1BBA2E32-CC03-4736-A1EC-66CE08448CDE}.Release|Any CPU.ActiveCfg = Release|Any CPU
		{1BBA2E32-CC03-4736-A1EC-66CE08448CDE}.Release|Any CPU.Build.0 = Release|Any CPU
		{1BBA2E32-CC03-4736-A1EC-66CE08448CDE}.Release|x64.ActiveCfg = Release|Any CPU
		{1BBA2E32-CC03-4736-A1EC-66CE08448CDE}.Release|x64.Build.0 = Release|Any CPU
		{E49D42BA-07C2-4046-BD87-3390AF5E12B2}.Debug|Any CPU.ActiveCfg = Debug|Any CPU
		{E49D42BA-07C2-4046-BD87-3390AF5E12B2}.Debug|Any CPU.Build.0 = Debug|Any CPU
		{E49D42BA-07C2-4046-BD87-3390AF5E12B2}.Debug|x64.ActiveCfg = Debug|Any CPU
		{E49D42BA-07C2-4046-BD87-3390AF5E12B2}.Debug|x64.Build.0 = Debug|Any CPU
		{E49D42BA-07C2-4046-BD87-3390AF5E12B2}.Release|Any CPU.ActiveCfg = Release|Any CPU
		{E49D42BA-07C2-4046-BD87-3390AF5E12B2}.Release|Any CPU.Build.0 = Release|Any CPU
		{E49D42BA-07C2-4046-BD87-3390AF5E12B2}.Release|x64.ActiveCfg = Release|Any CPU
		{E49D42BA-07C2-4046-BD87-3390AF5E12B2}.Release|x64.Build.0 = Release|Any CPU
		{3A0B08C1-7F8C-4ABB-A585-05BFDCE25F41}.Debug|Any CPU.ActiveCfg = Debug|Any CPU
		{3A0B08C1-7F8C-4ABB-A585-05BFDCE25F41}.Debug|Any CPU.Build.0 = Debug|Any CPU
		{3A0B08C1-7F8C-4ABB-A585-05BFDCE25F41}.Debug|x64.ActiveCfg = Debug|Any CPU
		{3A0B08C1-7F8C-4ABB-A585-05BFDCE25F41}.Debug|x64.Build.0 = Debug|Any CPU
		{3A0B08C1-7F8C-4ABB-A585-05BFDCE25F41}.Release|Any CPU.ActiveCfg = Release|Any CPU
		{3A0B08C1-7F8C-4ABB-A585-05BFDCE25F41}.Release|Any CPU.Build.0 = Release|Any CPU
		{3A0B08C1-7F8C-4ABB-A585-05BFDCE25F41}.Release|x64.ActiveCfg = Release|Any CPU
		{3A0B08C1-7F8C-4ABB-A585-05BFDCE25F41}.Release|x64.Build.0 = Release|Any CPU
		{5C148D58-1FB3-4351-BA3F-81C3863B6388}.Debug|Any CPU.ActiveCfg = Debug|Any CPU
		{5C148D58-1FB3-4351-BA3F-81C3863B6388}.Debug|Any CPU.Build.0 = Debug|Any CPU
		{5C148D58-1FB3-4351-BA3F-81C3863B6388}.Debug|x64.ActiveCfg = Debug|Any CPU
		{5C148D58-1FB3-4351-BA3F-81C3863B6388}.Debug|x64.Build.0 = Debug|Any CPU
		{5C148D58-1FB3-4351-BA3F-81C3863B6388}.Release|Any CPU.ActiveCfg = Release|Any CPU
		{5C148D58-1FB3-4351-BA3F-81C3863B6388}.Release|Any CPU.Build.0 = Release|Any CPU
		{5C148D58-1FB3-4351-BA3F-81C3863B6388}.Release|x64.ActiveCfg = Release|Any CPU
		{5C148D58-1FB3-4351-BA3F-81C3863B6388}.Release|x64.Build.0 = Release|Any CPU
		{9ADDAB4B-AB3C-48B0-9B5A-4A924908E4DC}.Debug|Any CPU.ActiveCfg = Debug|Any CPU
		{9ADDAB4B-AB3C-48B0-9B5A-4A924908E4DC}.Debug|Any CPU.Build.0 = Debug|Any CPU
		{9ADDAB4B-AB3C-48B0-9B5A-4A924908E4DC}.Debug|x64.ActiveCfg = Debug|Any CPU
		{9ADDAB4B-AB3C-48B0-9B5A-4A924908E4DC}.Debug|x64.Build.0 = Debug|Any CPU
		{9ADDAB4B-AB3C-48B0-9B5A-4A924908E4DC}.Release|Any CPU.ActiveCfg = Release|Any CPU
		{9ADDAB4B-AB3C-48B0-9B5A-4A924908E4DC}.Release|Any CPU.Build.0 = Release|Any CPU
		{9ADDAB4B-AB3C-48B0-9B5A-4A924908E4DC}.Release|x64.ActiveCfg = Release|Any CPU
		{9ADDAB4B-AB3C-48B0-9B5A-4A924908E4DC}.Release|x64.Build.0 = Release|Any CPU
		{0F9C9112-3CFA-4C47-B656-DD84734C30DF}.Debug|Any CPU.ActiveCfg = Debug|Any CPU
		{0F9C9112-3CFA-4C47-B656-DD84734C30DF}.Debug|Any CPU.Build.0 = Debug|Any CPU
		{0F9C9112-3CFA-4C47-B656-DD84734C30DF}.Debug|x64.ActiveCfg = Debug|Any CPU
		{0F9C9112-3CFA-4C47-B656-DD84734C30DF}.Debug|x64.Build.0 = Debug|Any CPU
		{0F9C9112-3CFA-4C47-B656-DD84734C30DF}.Release|Any CPU.ActiveCfg = Release|Any CPU
		{0F9C9112-3CFA-4C47-B656-DD84734C30DF}.Release|Any CPU.Build.0 = Release|Any CPU
		{0F9C9112-3CFA-4C47-B656-DD84734C30DF}.Release|x64.ActiveCfg = Release|Any CPU
		{0F9C9112-3CFA-4C47-B656-DD84734C30DF}.Release|x64.Build.0 = Release|Any CPU
		{E2E578FB-848A-4106-AFF5-7ABBE9286DFB}.Debug|Any CPU.ActiveCfg = Debug|Any CPU
		{E2E578FB-848A-4106-AFF5-7ABBE9286DFB}.Debug|Any CPU.Build.0 = Debug|Any CPU
		{E2E578FB-848A-4106-AFF5-7ABBE9286DFB}.Debug|x64.ActiveCfg = Debug|Any CPU
		{E2E578FB-848A-4106-AFF5-7ABBE9286DFB}.Debug|x64.Build.0 = Debug|Any CPU
		{E2E578FB-848A-4106-AFF5-7ABBE9286DFB}.Release|Any CPU.ActiveCfg = Release|Any CPU
		{E2E578FB-848A-4106-AFF5-7ABBE9286DFB}.Release|Any CPU.Build.0 = Release|Any CPU
		{E2E578FB-848A-4106-AFF5-7ABBE9286DFB}.Release|x64.ActiveCfg = Release|Any CPU
		{E2E578FB-848A-4106-AFF5-7ABBE9286DFB}.Release|x64.Build.0 = Release|Any CPU
		{522A7909-EE17-4831-A565-16E6491BA379}.Debug|Any CPU.ActiveCfg = Debug|Any CPU
		{522A7909-EE17-4831-A565-16E6491BA379}.Debug|Any CPU.Build.0 = Debug|Any CPU
		{522A7909-EE17-4831-A565-16E6491BA379}.Debug|x64.ActiveCfg = Debug|Any CPU
		{522A7909-EE17-4831-A565-16E6491BA379}.Debug|x64.Build.0 = Debug|Any CPU
		{522A7909-EE17-4831-A565-16E6491BA379}.Release|Any CPU.ActiveCfg = Release|Any CPU
		{522A7909-EE17-4831-A565-16E6491BA379}.Release|Any CPU.Build.0 = Release|Any CPU
		{522A7909-EE17-4831-A565-16E6491BA379}.Release|x64.ActiveCfg = Release|Any CPU
		{522A7909-EE17-4831-A565-16E6491BA379}.Release|x64.Build.0 = Release|Any CPU
		{665AC797-1410-46CC-8156-466B73209391}.Debug|Any CPU.ActiveCfg = Debug|Any CPU
		{665AC797-1410-46CC-8156-466B73209391}.Debug|Any CPU.Build.0 = Debug|Any CPU
		{665AC797-1410-46CC-8156-466B73209391}.Debug|x64.ActiveCfg = Debug|Any CPU
		{665AC797-1410-46CC-8156-466B73209391}.Debug|x64.Build.0 = Debug|Any CPU
		{665AC797-1410-46CC-8156-466B73209391}.Release|Any CPU.ActiveCfg = Release|Any CPU
		{665AC797-1410-46CC-8156-466B73209391}.Release|Any CPU.Build.0 = Release|Any CPU
		{665AC797-1410-46CC-8156-466B73209391}.Release|x64.ActiveCfg = Release|Any CPU
		{665AC797-1410-46CC-8156-466B73209391}.Release|x64.Build.0 = Release|Any CPU
		{9F089F75-9BC2-4114-9A5C-CE37A9616901}.Debug|Any CPU.ActiveCfg = Debug|Any CPU
		{9F089F75-9BC2-4114-9A5C-CE37A9616901}.Debug|Any CPU.Build.0 = Debug|Any CPU
		{9F089F75-9BC2-4114-9A5C-CE37A9616901}.Debug|x64.ActiveCfg = Debug|Any CPU
		{9F089F75-9BC2-4114-9A5C-CE37A9616901}.Debug|x64.Build.0 = Debug|Any CPU
		{9F089F75-9BC2-4114-9A5C-CE37A9616901}.Release|Any CPU.ActiveCfg = Release|Any CPU
		{9F089F75-9BC2-4114-9A5C-CE37A9616901}.Release|Any CPU.Build.0 = Release|Any CPU
		{9F089F75-9BC2-4114-9A5C-CE37A9616901}.Release|x64.ActiveCfg = Release|Any CPU
		{9F089F75-9BC2-4114-9A5C-CE37A9616901}.Release|x64.Build.0 = Release|Any CPU
		{53DA8718-368C-4DB3-8AE9-BF9597482DB7}.Debug|Any CPU.ActiveCfg = Debug|Any CPU
		{53DA8718-368C-4DB3-8AE9-BF9597482DB7}.Debug|Any CPU.Build.0 = Debug|Any CPU
		{53DA8718-368C-4DB3-8AE9-BF9597482DB7}.Debug|x64.ActiveCfg = Debug|Any CPU
		{53DA8718-368C-4DB3-8AE9-BF9597482DB7}.Debug|x64.Build.0 = Debug|Any CPU
		{53DA8718-368C-4DB3-8AE9-BF9597482DB7}.Release|Any CPU.ActiveCfg = Release|Any CPU
		{53DA8718-368C-4DB3-8AE9-BF9597482DB7}.Release|Any CPU.Build.0 = Release|Any CPU
		{53DA8718-368C-4DB3-8AE9-BF9597482DB7}.Release|x64.ActiveCfg = Release|Any CPU
		{53DA8718-368C-4DB3-8AE9-BF9597482DB7}.Release|x64.Build.0 = Release|Any CPU
		{5FEBBC4E-39C2-4749-8B1A-D57D632B0C94}.Debug|Any CPU.ActiveCfg = Debug|Any CPU
		{5FEBBC4E-39C2-4749-8B1A-D57D632B0C94}.Debug|Any CPU.Build.0 = Debug|Any CPU
		{5FEBBC4E-39C2-4749-8B1A-D57D632B0C94}.Debug|x64.ActiveCfg = Debug|Any CPU
		{5FEBBC4E-39C2-4749-8B1A-D57D632B0C94}.Debug|x64.Build.0 = Debug|Any CPU
		{5FEBBC4E-39C2-4749-8B1A-D57D632B0C94}.Release|Any CPU.ActiveCfg = Release|Any CPU
		{5FEBBC4E-39C2-4749-8B1A-D57D632B0C94}.Release|Any CPU.Build.0 = Release|Any CPU
		{5FEBBC4E-39C2-4749-8B1A-D57D632B0C94}.Release|x64.ActiveCfg = Release|Any CPU
		{5FEBBC4E-39C2-4749-8B1A-D57D632B0C94}.Release|x64.Build.0 = Release|Any CPU
		{ECD5818F-5EC6-47A3-9817-0BE30A9CF42C}.Debug|Any CPU.ActiveCfg = Debug|Any CPU
		{ECD5818F-5EC6-47A3-9817-0BE30A9CF42C}.Debug|Any CPU.Build.0 = Debug|Any CPU
		{ECD5818F-5EC6-47A3-9817-0BE30A9CF42C}.Debug|x64.ActiveCfg = Debug|Any CPU
		{ECD5818F-5EC6-47A3-9817-0BE30A9CF42C}.Debug|x64.Build.0 = Debug|Any CPU
		{ECD5818F-5EC6-47A3-9817-0BE30A9CF42C}.Release|Any CPU.ActiveCfg = Release|Any CPU
		{ECD5818F-5EC6-47A3-9817-0BE30A9CF42C}.Release|Any CPU.Build.0 = Release|Any CPU
		{ECD5818F-5EC6-47A3-9817-0BE30A9CF42C}.Release|x64.ActiveCfg = Release|Any CPU
		{ECD5818F-5EC6-47A3-9817-0BE30A9CF42C}.Release|x64.Build.0 = Release|Any CPU
		{E7A1824F-5D56-4BDF-81F9-6D7E592FAE42}.Debug|Any CPU.ActiveCfg = Debug|Any CPU
		{E7A1824F-5D56-4BDF-81F9-6D7E592FAE42}.Debug|Any CPU.Build.0 = Debug|Any CPU
		{E7A1824F-5D56-4BDF-81F9-6D7E592FAE42}.Debug|x64.ActiveCfg = Debug|Any CPU
		{E7A1824F-5D56-4BDF-81F9-6D7E592FAE42}.Debug|x64.Build.0 = Debug|Any CPU
		{E7A1824F-5D56-4BDF-81F9-6D7E592FAE42}.Release|Any CPU.ActiveCfg = Release|Any CPU
		{E7A1824F-5D56-4BDF-81F9-6D7E592FAE42}.Release|Any CPU.Build.0 = Release|Any CPU
		{E7A1824F-5D56-4BDF-81F9-6D7E592FAE42}.Release|x64.ActiveCfg = Release|Any CPU
		{E7A1824F-5D56-4BDF-81F9-6D7E592FAE42}.Release|x64.Build.0 = Release|Any CPU
		{DFE4D093-5359-45B7-9BA7-6C99F9424B63}.Debug|Any CPU.ActiveCfg = Debug|Any CPU
		{DFE4D093-5359-45B7-9BA7-6C99F9424B63}.Debug|Any CPU.Build.0 = Debug|Any CPU
		{DFE4D093-5359-45B7-9BA7-6C99F9424B63}.Debug|x64.ActiveCfg = Debug|Any CPU
		{DFE4D093-5359-45B7-9BA7-6C99F9424B63}.Debug|x64.Build.0 = Debug|Any CPU
		{DFE4D093-5359-45B7-9BA7-6C99F9424B63}.Release|Any CPU.ActiveCfg = Release|Any CPU
		{DFE4D093-5359-45B7-9BA7-6C99F9424B63}.Release|Any CPU.Build.0 = Release|Any CPU
		{DFE4D093-5359-45B7-9BA7-6C99F9424B63}.Release|x64.ActiveCfg = Release|Any CPU
		{DFE4D093-5359-45B7-9BA7-6C99F9424B63}.Release|x64.Build.0 = Release|Any CPU
		{91E8B45E-3D4B-422B-9CC0-96E062D029C8}.Debug|Any CPU.ActiveCfg = Debug|Any CPU
		{91E8B45E-3D4B-422B-9CC0-96E062D029C8}.Debug|Any CPU.Build.0 = Debug|Any CPU
		{91E8B45E-3D4B-422B-9CC0-96E062D029C8}.Debug|x64.ActiveCfg = Debug|Any CPU
		{91E8B45E-3D4B-422B-9CC0-96E062D029C8}.Debug|x64.Build.0 = Debug|Any CPU
		{91E8B45E-3D4B-422B-9CC0-96E062D029C8}.Release|Any CPU.ActiveCfg = Release|Any CPU
		{91E8B45E-3D4B-422B-9CC0-96E062D029C8}.Release|Any CPU.Build.0 = Release|Any CPU
		{91E8B45E-3D4B-422B-9CC0-96E062D029C8}.Release|x64.ActiveCfg = Release|Any CPU
		{91E8B45E-3D4B-422B-9CC0-96E062D029C8}.Release|x64.Build.0 = Release|Any CPU
		{B0F0F35E-13FE-4D15-B46F-3F4A60153717}.Debug|Any CPU.ActiveCfg = Debug|Any CPU
		{B0F0F35E-13FE-4D15-B46F-3F4A60153717}.Debug|Any CPU.Build.0 = Debug|Any CPU
		{B0F0F35E-13FE-4D15-B46F-3F4A60153717}.Debug|x64.ActiveCfg = Debug|Any CPU
		{B0F0F35E-13FE-4D15-B46F-3F4A60153717}.Debug|x64.Build.0 = Debug|Any CPU
		{B0F0F35E-13FE-4D15-B46F-3F4A60153717}.Release|Any CPU.ActiveCfg = Release|Any CPU
		{B0F0F35E-13FE-4D15-B46F-3F4A60153717}.Release|Any CPU.Build.0 = Release|Any CPU
		{B0F0F35E-13FE-4D15-B46F-3F4A60153717}.Release|x64.ActiveCfg = Release|Any CPU
		{B0F0F35E-13FE-4D15-B46F-3F4A60153717}.Release|x64.Build.0 = Release|Any CPU
		{05DB3292-F456-4A03-8516-83EEC60155EE}.Debug|Any CPU.ActiveCfg = Debug|Any CPU
		{05DB3292-F456-4A03-8516-83EEC60155EE}.Debug|Any CPU.Build.0 = Debug|Any CPU
		{05DB3292-F456-4A03-8516-83EEC60155EE}.Debug|x64.ActiveCfg = Debug|Any CPU
		{05DB3292-F456-4A03-8516-83EEC60155EE}.Debug|x64.Build.0 = Debug|Any CPU
		{05DB3292-F456-4A03-8516-83EEC60155EE}.Release|Any CPU.ActiveCfg = Release|Any CPU
		{05DB3292-F456-4A03-8516-83EEC60155EE}.Release|Any CPU.Build.0 = Release|Any CPU
		{05DB3292-F456-4A03-8516-83EEC60155EE}.Release|x64.ActiveCfg = Release|Any CPU
		{05DB3292-F456-4A03-8516-83EEC60155EE}.Release|x64.Build.0 = Release|Any CPU
		{E2DD3141-FA26-4639-8562-A4B0153C5E56}.Debug|Any CPU.ActiveCfg = Debug|x64
		{E2DD3141-FA26-4639-8562-A4B0153C5E56}.Debug|x64.ActiveCfg = Debug|x64
		{E2DD3141-FA26-4639-8562-A4B0153C5E56}.Debug|x64.Build.0 = Debug|x64
		{E2DD3141-FA26-4639-8562-A4B0153C5E56}.Release|Any CPU.ActiveCfg = Release|x64
		{E2DD3141-FA26-4639-8562-A4B0153C5E56}.Release|x64.ActiveCfg = Release|x64
		{E2DD3141-FA26-4639-8562-A4B0153C5E56}.Release|x64.Build.0 = Release|x64
		{87F2BE3B-E92E-4D2D-A018-7C5C8044F88D}.Debug|Any CPU.ActiveCfg = Debug|Any CPU
		{87F2BE3B-E92E-4D2D-A018-7C5C8044F88D}.Debug|Any CPU.Build.0 = Debug|Any CPU
		{87F2BE3B-E92E-4D2D-A018-7C5C8044F88D}.Debug|x64.ActiveCfg = Debug|Any CPU
		{87F2BE3B-E92E-4D2D-A018-7C5C8044F88D}.Release|Any CPU.ActiveCfg = Release|Any CPU
		{87F2BE3B-E92E-4D2D-A018-7C5C8044F88D}.Release|Any CPU.Build.0 = Release|Any CPU
		{87F2BE3B-E92E-4D2D-A018-7C5C8044F88D}.Release|x64.ActiveCfg = Release|Any CPU
		{BBD6ADC8-86F8-4A7F-9F98-652D0755F4B5}.Debug|Any CPU.ActiveCfg = Debug|Any CPU
		{BBD6ADC8-86F8-4A7F-9F98-652D0755F4B5}.Debug|Any CPU.Build.0 = Debug|Any CPU
		{BBD6ADC8-86F8-4A7F-9F98-652D0755F4B5}.Debug|x64.ActiveCfg = Debug|Any CPU
		{BBD6ADC8-86F8-4A7F-9F98-652D0755F4B5}.Debug|x64.Build.0 = Debug|Any CPU
		{BBD6ADC8-86F8-4A7F-9F98-652D0755F4B5}.Release|Any CPU.ActiveCfg = Release|Any CPU
		{BBD6ADC8-86F8-4A7F-9F98-652D0755F4B5}.Release|Any CPU.Build.0 = Release|Any CPU
		{BBD6ADC8-86F8-4A7F-9F98-652D0755F4B5}.Release|x64.ActiveCfg = Release|Any CPU
		{BBD6ADC8-86F8-4A7F-9F98-652D0755F4B5}.Release|x64.Build.0 = Release|Any CPU
	EndGlobalSection
	GlobalSection(SolutionProperties) = preSolution
		HideSolutionNode = FALSE
	EndGlobalSection
	GlobalSection(NestedProjects) = preSolution
		{E764E7FA-4713-478B-8CE4-5878A613A9D3} = {269F6F49-5E02-491B-954A-7086619E7879}
		{7AD34DDF-1D8B-4644-970C-13B03132BDF2} = {3300E928-13F9-4088-88C3-EBBE12347384}
		{0EC2DA80-928D-4EAC-B18D-A6686DE502B1} = {7AD34DDF-1D8B-4644-970C-13B03132BDF2}
		{9414C8C4-FA50-4FFC-9766-83025A61A1D6} = {2B27AFDD-1FBE-468A-814C-A44B07038F0E}
		{56962414-E345-452A-9622-16B538B60C7E} = {2B27AFDD-1FBE-468A-814C-A44B07038F0E}
		{99439192-2AF1-42D3-B3EF-7BB53413D8B6} = {95148537-B26C-4C21-87D7-C617686D99CC}
		{BAC1748F-254F-4B53-8768-59CBD3285240} = {95148537-B26C-4C21-87D7-C617686D99CC}
		{3D40928D-3A2F-4C93-AADD-92F5E0F64445} = {99439192-2AF1-42D3-B3EF-7BB53413D8B6}
		{C213B42D-92F9-4CB0-BC12-D2389F7EBE20} = {95148537-B26C-4C21-87D7-C617686D99CC}
		{27F86700-A36C-422E-A20B-DAD80728BC14} = {99439192-2AF1-42D3-B3EF-7BB53413D8B6}
		{D09E9870-9F2E-473E-A4BC-F8E57F73DBFA} = {E764E7FA-4713-478B-8CE4-5878A613A9D3}
		{3F986221-2167-4BFC-8256-88C0570DCA18} = {E764E7FA-4713-478B-8CE4-5878A613A9D3}
		{E6A1343E-168F-40BF-9AA5-180B9E00C211} = {99439192-2AF1-42D3-B3EF-7BB53413D8B6}
		{69EEAB78-9453-4291-BDBD-E4DDA8214462} = {3300E928-13F9-4088-88C3-EBBE12347384}
		{611F031A-4972-45B7-951A-059751630F41} = {99439192-2AF1-42D3-B3EF-7BB53413D8B6}
		{C334EC0D-3A84-463D-A9F0-0EC61A27DD65} = {10008BA3-DF80-46EB-8EFF-62111BF7DFB7}
		{11042D71-6BE3-4ABF-810E-30953E23F418} = {99439192-2AF1-42D3-B3EF-7BB53413D8B6}
		{B60299DF-3EE4-4D57-810F-40F3CBCBB2FD} = {9414C8C4-FA50-4FFC-9766-83025A61A1D6}
		{7CA30A74-C26E-4C99-8C2C-B18052E54EA6} = {7AD34DDF-1D8B-4644-970C-13B03132BDF2}
		{B0F9916E-9752-4583-B0C3-C8BA3D637891} = {0EC2DA80-928D-4EAC-B18D-A6686DE502B1}
		{8BD81C26-07D9-4045-A930-716AFC2BE17C} = {56962414-E345-452A-9622-16B538B60C7E}
		{DFE2EAE3-2AAD-42D2-A1E1-3DFEA4081C51} = {76E18BDC-8BA1-4D4C-98BD-6CC5361BCCC8}
		{1BBA2E32-CC03-4736-A1EC-66CE08448CDE} = {9414C8C4-FA50-4FFC-9766-83025A61A1D6}
		{E49D42BA-07C2-4046-BD87-3390AF5E12B2} = {76E18BDC-8BA1-4D4C-98BD-6CC5361BCCC8}
		{3A0B08C1-7F8C-4ABB-A585-05BFDCE25F41} = {269F6F49-5E02-491B-954A-7086619E7879}
		{5C148D58-1FB3-4351-BA3F-81C3863B6388} = {99439192-2AF1-42D3-B3EF-7BB53413D8B6}
		{9ADDAB4B-AB3C-48B0-9B5A-4A924908E4DC} = {BAC1748F-254F-4B53-8768-59CBD3285240}
		{0F9C9112-3CFA-4C47-B656-DD84734C30DF} = {BAC1748F-254F-4B53-8768-59CBD3285240}
		{E2E578FB-848A-4106-AFF5-7ABBE9286DFB} = {BAC1748F-254F-4B53-8768-59CBD3285240}
		{522A7909-EE17-4831-A565-16E6491BA379} = {BAC1748F-254F-4B53-8768-59CBD3285240}
		{665AC797-1410-46CC-8156-466B73209391} = {3D40928D-3A2F-4C93-AADD-92F5E0F64445}
		{9F089F75-9BC2-4114-9A5C-CE37A9616901} = {3D40928D-3A2F-4C93-AADD-92F5E0F64445}
		{53DA8718-368C-4DB3-8AE9-BF9597482DB7} = {3D40928D-3A2F-4C93-AADD-92F5E0F64445}
		{5FEBBC4E-39C2-4749-8B1A-D57D632B0C94} = {51A4E29E-96CD-4B9D-AA95-B42B4882EAA4}
		{51A4E29E-96CD-4B9D-AA95-B42B4882EAA4} = {269F6F49-5E02-491B-954A-7086619E7879}
		{ECD5818F-5EC6-47A3-9817-0BE30A9CF42C} = {51A4E29E-96CD-4B9D-AA95-B42B4882EAA4}
		{E7A1824F-5D56-4BDF-81F9-6D7E592FAE42} = {51A4E29E-96CD-4B9D-AA95-B42B4882EAA4}
		{DFE4D093-5359-45B7-9BA7-6C99F9424B63} = {99439192-2AF1-42D3-B3EF-7BB53413D8B6}
		{91E8B45E-3D4B-422B-9CC0-96E062D029C8} = {76E18BDC-8BA1-4D4C-98BD-6CC5361BCCC8}
		{B0F0F35E-13FE-4D15-B46F-3F4A60153717} = {76E18BDC-8BA1-4D4C-98BD-6CC5361BCCC8}
		{05DB3292-F456-4A03-8516-83EEC60155EE} = {76E18BDC-8BA1-4D4C-98BD-6CC5361BCCC8}
		{E2DD3141-FA26-4639-8562-A4B0153C5E56} = {C213B42D-92F9-4CB0-BC12-D2389F7EBE20}
		{87F2BE3B-E92E-4D2D-A018-7C5C8044F88D} = {76E18BDC-8BA1-4D4C-98BD-6CC5361BCCC8}
	EndGlobalSection
	GlobalSection(ExtensibilityGlobals) = postSolution
		SolutionGuid = {9437B365-350F-4145-9269-D0C3359D9E72}
	EndGlobalSection
EndGlobal
